<?xml version="1.0" encoding="utf-8"?>
<Project ToolsVersion="4.0" xmlns="http://schemas.microsoft.com/developer/msbuild/2003">
  <ItemGroup>
    <ClCompile Include="Shooting Game.cpp" />
    <ClCompile Include="MainGame.cpp">
      <Filter>00.MainGame</Filter>
    </ClCompile>
    <ClCompile Include="ObjMgr.cpp">
      <Filter>97.Manager\00.ObjMgr</Filter>
    </ClCompile>
    <ClCompile Include="SceneMgr.cpp">
      <Filter>97.Manager\01.SceneMgr</Filter>
    </ClCompile>
    <ClCompile Include="MathMgr.cpp">
      <Filter>97.Manager\02.MathMgr</Filter>
    </ClCompile>
    <ClCompile Include="CollisionMgr.cpp">
      <Filter>97.Manager\03.CollisionMgr</Filter>
    </ClCompile>
    <ClCompile Include="Player.cpp">
      <Filter>01.Obj\00.Player</Filter>
    </ClCompile>
    <ClCompile Include="Monster.cpp">
      <Filter>01.Obj\01.Monster</Filter>
    </ClCompile>
    <ClCompile Include="Boss.cpp">
      <Filter>01.Obj\02.Boss</Filter>
    </ClCompile>
    <ClCompile Include="Stag1Boss.cpp">
      <Filter>01.Obj\02.Boss\00.Stage1Boss</Filter>
    </ClCompile>
    <ClCompile Include="Mouse.cpp">
      <Filter>01.Obj\03.Mouse</Filter>
    </ClCompile>
    <ClCompile Include="Button.cpp">
      <Filter>01.Obj\04.Button</Filter>
    </ClCompile>
    <ClCompile Include="Obj.cpp">
      <Filter>01.Obj</Filter>
    </ClCompile>
    <ClCompile Include="PlayerBullet.cpp">
      <Filter>01.Obj\05.Bullet\00.PlayerBullet</Filter>
    </ClCompile>
    <ClCompile Include="MonBullet.cpp">
      <Filter>01.Obj\05.Bullet\01.MonsterBullet</Filter>
    </ClCompile>
    <ClCompile Include="BossBullet.cpp">
      <Filter>01.Obj\05.Bullet\02.BossBullet</Filter>
    </ClCompile>
    <ClCompile Include="Scene.cpp">
      <Filter>02.Scene</Filter>
    </ClCompile>
    <ClCompile Include="StartScene.cpp">
      <Filter>02.Scene\00.StartScene</Filter>
    </ClCompile>
    <ClCompile Include="StageScene.cpp">
      <Filter>02.Scene\01.StageScene</Filter>
    </ClCompile>
    <ClCompile Include="BackGround.cpp">
      <Filter>01.Obj\06.BackGroundObj</Filter>
    </ClCompile>
    <ClCompile Include="Shield.cpp">
      <Filter>01.Obj\07.Shield</Filter>
    </ClCompile>
    <ClCompile Include="KeyMgr.cpp">
      <Filter>97.Manager\04.KeyMgr</Filter>
    </ClCompile>
    <ClCompile Include="HpBar.cpp">
      <Filter>01.Obj\02.Boss\01.HpBar</Filter>
    </ClCompile>
    <ClCompile Include="ScrewBullet.cpp">
      <Filter>01.Obj\05.Bullet\00.PlayerBullet\01.ScrewBullet</Filter>
    </ClCompile>
    <ClCompile Include="HomingBullet.cpp">
      <Filter>01.Obj\05.Bullet\00.PlayerBullet\02.HomingBullet</Filter>
    </ClCompile>
  </ItemGroup>
  <ItemGroup>
    <ClInclude Include="framework.h" />
    <ClInclude Include="Include.h" />
    <ClInclude Include="Shooting Game.h">
      <Filter>99.Default</Filter>
    </ClInclude>
    <ClInclude Include="MainGame.h">
      <Filter>00.MainGame</Filter>
    </ClInclude>
    <ClInclude Include="Define.h">
      <Filter>98.Include</Filter>
    </ClInclude>
    <ClInclude Include="Enum.h">
      <Filter>98.Include</Filter>
    </ClInclude>
    <ClInclude Include="Extern.h">
      <Filter>98.Include</Filter>
    </ClInclude>
    <ClInclude Include="Function.h">
      <Filter>98.Include</Filter>
    </ClInclude>
    <ClInclude Include="Typedef.h">
      <Filter>98.Include</Filter>
    </ClInclude>
    <ClInclude Include="Struct.h">
      <Filter>98.Include</Filter>
    </ClInclude>
    <ClInclude Include="AbstracFactory.h">
      <Filter>98.Include</Filter>
    </ClInclude>
    <ClInclude Include="ObjMgr.h">
      <Filter>97.Manager\00.ObjMgr</Filter>
    </ClInclude>
    <ClInclude Include="SceneMgr.h">
      <Filter>97.Manager\01.SceneMgr</Filter>
    </ClInclude>
    <ClInclude Include="MathMgr.h">
      <Filter>97.Manager\02.MathMgr</Filter>
    </ClInclude>
    <ClInclude Include="CollisionMgr.h">
      <Filter>97.Manager\03.CollisionMgr</Filter>
    </ClInclude>
    <ClInclude Include="Player.h">
      <Filter>01.Obj\00.Player</Filter>
    </ClInclude>
    <ClInclude Include="Monster.h">
      <Filter>01.Obj\01.Monster</Filter>
    </ClInclude>
    <ClInclude Include="Boss.h">
      <Filter>01.Obj\02.Boss</Filter>
    </ClInclude>
    <ClInclude Include="Stag1Boss.h">
      <Filter>01.Obj\02.Boss\00.Stage1Boss</Filter>
    </ClInclude>
    <ClInclude Include="Mouse.h">
      <Filter>01.Obj\03.Mouse</Filter>
    </ClInclude>
    <ClInclude Include="Button.h">
      <Filter>01.Obj\04.Button</Filter>
    </ClInclude>
    <ClInclude Include="Obj.h">
      <Filter>01.Obj</Filter>
    </ClInclude>
    <ClInclude Include="PlayerBullet.h">
      <Filter>01.Obj\05.Bullet\00.PlayerBullet</Filter>
    </ClInclude>
    <ClInclude Include="MonBullet.h">
      <Filter>01.Obj\05.Bullet\01.MonsterBullet</Filter>
    </ClInclude>
    <ClInclude Include="BossBullet.h">
      <Filter>01.Obj\05.Bullet\02.BossBullet</Filter>
    </ClInclude>
    <ClInclude Include="Scene.h">
      <Filter>02.Scene</Filter>
    </ClInclude>
    <ClInclude Include="StartScene.h">
      <Filter>02.Scene\00.StartScene</Filter>
    </ClInclude>
    <ClInclude Include="StageScene.h">
      <Filter>02.Scene\01.StageScene</Filter>
    </ClInclude>
    <ClInclude Include="BackGround.h">
      <Filter>01.Obj\06.BackGroundObj</Filter>
    </ClInclude>
    <ClInclude Include="Resource.h">
      <Filter>99.Default</Filter>
    </ClInclude>
    <ClInclude Include="targetver.h">
      <Filter>99.Default</Filter>
    </ClInclude>
    <ClInclude Include="Shield.h">
      <Filter>01.Obj\07.Shield</Filter>
    </ClInclude>
    <ClInclude Include="KeyMgr.h">
      <Filter>97.Manager\04.KeyMgr</Filter>
    </ClInclude>
    <ClInclude Include="HpBar.h">
      <Filter>01.Obj\02.Boss\01.HpBar</Filter>
    </ClInclude>
    <ClInclude Include="ScrewBullet.h">
      <Filter>01.Obj\05.Bullet\00.PlayerBullet\01.ScrewBullet</Filter>
    </ClInclude>
    <ClInclude Include="HomingBullet.h">
      <Filter>01.Obj\05.Bullet\00.PlayerBullet\02.HomingBullet</Filter>
    </ClInclude>
  </ItemGroup>
  <ItemGroup>
    <Image Include="Shooting Game.ico">
      <Filter>99.Default</Filter>
    </Image>
    <Image Include="small.ico">
      <Filter>99.Default</Filter>
    </Image>
  </ItemGroup>
  <ItemGroup>
    <Filter Include="99.Default">
      <UniqueIdentifier>{5eb36766-afbc-4c1f-a5c1-55eb302369f7}</UniqueIdentifier>
    </Filter>
    <Filter Include="00.MainGame">
      <UniqueIdentifier>{914d349a-8033-4667-bb24-5973e9ec5821}</UniqueIdentifier>
    </Filter>
    <Filter Include="98.Include">
      <UniqueIdentifier>{f198aa80-7cc0-43bb-8d19-e0a0df16a9dd}</UniqueIdentifier>
    </Filter>
    <Filter Include="97.Manager">
      <UniqueIdentifier>{e30cc826-7cfd-4800-aaae-1c3fb39f07a8}</UniqueIdentifier>
    </Filter>
    <Filter Include="97.Manager\00.ObjMgr">
      <UniqueIdentifier>{0b287786-cd5e-4e7f-a956-1f0d588b67bb}</UniqueIdentifier>
    </Filter>
    <Filter Include="97.Manager\01.SceneMgr">
      <UniqueIdentifier>{647fc52f-66c3-4e01-98a6-d5a0cbdf9a8e}</UniqueIdentifier>
    </Filter>
    <Filter Include="97.Manager\02.MathMgr">
      <UniqueIdentifier>{93b05c2a-c44d-4aea-b579-9a010467774f}</UniqueIdentifier>
    </Filter>
    <Filter Include="97.Manager\03.CollisionMgr">
      <UniqueIdentifier>{be747af9-6932-4523-a049-c50214531b12}</UniqueIdentifier>
    </Filter>
    <Filter Include="01.Obj">
      <UniqueIdentifier>{8eccc5a3-c888-44f5-8d50-05d1c6e44fbc}</UniqueIdentifier>
    </Filter>
    <Filter Include="01.Obj\00.Player">
      <UniqueIdentifier>{44644184-dd41-48cd-8c9a-0862edbeacb6}</UniqueIdentifier>
    </Filter>
    <Filter Include="01.Obj\02.Boss">
      <UniqueIdentifier>{8bc05eac-4bc9-4e15-b78d-111a2eb146e6}</UniqueIdentifier>
    </Filter>
    <Filter Include="01.Obj\01.Monster">
      <UniqueIdentifier>{075fdba6-765c-47e7-8ad5-44a5d5ab95ec}</UniqueIdentifier>
    </Filter>
    <Filter Include="01.Obj\02.Boss\00.Stage1Boss">
      <UniqueIdentifier>{3a784772-56eb-4058-8329-44ad10cccff7}</UniqueIdentifier>
    </Filter>
    <Filter Include="01.Obj\03.Mouse">
      <UniqueIdentifier>{5c9eb0cc-95f0-4d21-be1a-aa8ac3e1bf43}</UniqueIdentifier>
    </Filter>
    <Filter Include="01.Obj\04.Button">
      <UniqueIdentifier>{cfb0e204-56c6-4522-90d3-637ee876c9fd}</UniqueIdentifier>
    </Filter>
    <Filter Include="01.Obj\05.Bullet">
      <UniqueIdentifier>{4c851898-3a82-43d8-ac5e-0b09e0f28014}</UniqueIdentifier>
    </Filter>
    <Filter Include="01.Obj\05.Bullet\00.PlayerBullet">
      <UniqueIdentifier>{8f1fe618-1494-456d-aa33-9d3de3ea3bdf}</UniqueIdentifier>
    </Filter>
    <Filter Include="01.Obj\05.Bullet\01.MonsterBullet">
      <UniqueIdentifier>{083a37d0-4ef4-49c2-aa97-6ba43d8b07e2}</UniqueIdentifier>
    </Filter>
    <Filter Include="01.Obj\05.Bullet\02.BossBullet">
      <UniqueIdentifier>{fb637724-0211-41b1-8448-f606f2dd39bd}</UniqueIdentifier>
    </Filter>
    <Filter Include="02.Scene">
      <UniqueIdentifier>{7c461584-cdf9-403a-8c36-a17ffa804356}</UniqueIdentifier>
    </Filter>
    <Filter Include="02.Scene\00.StartScene">
      <UniqueIdentifier>{972188d7-3f5a-40a0-a382-b0d36a87da79}</UniqueIdentifier>
    </Filter>
    <Filter Include="02.Scene\01.StageScene">
      <UniqueIdentifier>{f12bb35d-7017-4ddc-bf21-103e7d682dda}</UniqueIdentifier>
    </Filter>
    <Filter Include="01.Obj\06.BackGroundObj">
      <UniqueIdentifier>{5e27cb4d-9a19-44fb-8c42-d83ea367a01c}</UniqueIdentifier>
    </Filter>
    <Filter Include="01.Obj\07.Shield">
      <UniqueIdentifier>{68b7c66b-b3ef-4db3-9916-584b2b487a16}</UniqueIdentifier>
    </Filter>
    <Filter Include="97.Manager\04.KeyMgr">
      <UniqueIdentifier>{1bff623f-937e-4320-9f95-27e706b91b0c}</UniqueIdentifier>
    </Filter>
    <Filter Include="01.Obj\02.Boss\01.HpBar">
      <UniqueIdentifier>{bd295065-dd19-440e-9f09-1bc80aee9071}</UniqueIdentifier>
    </Filter>
    <Filter Include="01.Obj\05.Bullet\00.PlayerBullet\01.ScrewBullet">
      <UniqueIdentifier>{1be6802e-8d5e-4ff8-8d88-766171f26ec1}</UniqueIdentifier>
    </Filter>
    <Filter Include="01.Obj\05.Bullet\00.PlayerBullet\02.HomingBullet">
      <UniqueIdentifier>{483493ba-3023-4431-bcbc-476df843f0ea}</UniqueIdentifier>
    </Filter>
  </ItemGroup>
  <ItemGroup>
    <ResourceCompile Include="Shooting Game.rc">
      <Filter>99.Default</Filter>
    </ResourceCompile>
  </ItemGroup>
</Project>