<?xml version="1.0" encoding="utf-8"?>
<Project ToolsVersion="4.0" xmlns="http://schemas.microsoft.com/developer/msbuild/2003">
  <ItemGroup>
    <ClCompile Include="Boss.cpp" />
    <ClCompile Include="BossBullet.cpp" />
    <ClCompile Include="Button.cpp" />
    <ClCompile Include="CollisionMgr.cpp" />
    <ClCompile Include="MathMgr.cpp" />
    <ClCompile Include="Mouse.cpp" />
    <ClCompile Include="MainGame.cpp" />
    <ClCompile Include="Obj.cpp" />
    <ClCompile Include="ObjMgr.cpp" />
    <ClCompile Include="Player.cpp" />
    <ClCompile Include="Scene.cpp" />
    <ClCompile Include="SceneMgr.cpp" />
    <ClCompile Include="Shooting Game.cpp" />
    <ClCompile Include="Stag1Boss.cpp" />
    <ClCompile Include="StageScene.cpp" />
    <ClCompile Include="StartScene.cpp" />
    <ClCompile Include="Monster.cpp" />
  </ItemGroup>
  <ItemGroup>
    <ClInclude Include="AbstracFactory.h" />
    <ClInclude Include="Boss.h" />
    <ClInclude Include="BossBullet.h" />
    <ClInclude Include="Button.h" />
    <ClInclude Include="CollisionMgr.h" />
    <ClInclude Include="MathMgr.h" />
    <ClInclude Include="Mouse.h" />
    <ClInclude Include="Define.h" />
    <ClInclude Include="Enum.h" />
    <ClInclude Include="Extern.h" />
    <ClInclude Include="framework.h" />
    <ClInclude Include="Function.h" />
    <ClInclude Include="Include.h" />
    <ClInclude Include="MainGame.h" />
    <ClInclude Include="Obj.h" />
    <ClInclude Include="ObjMgr.h" />
    <ClInclude Include="Player.h" />
    <ClInclude Include="Resource.h" />
    <ClInclude Include="Scene.h" />
    <ClInclude Include="SceneMgr.h" />
    <ClInclude Include="Shooting Game.h" />
    <ClInclude Include="Stag1Boss.h" />
    <ClInclude Include="StageScene.h" />
    <ClInclude Include="StartScene.h" />
    <ClInclude Include="Struct.h" />
    <ClInclude Include="targetver.h" />
    <ClInclude Include="Typedef.h" />
    <ClInclude Include="Monster.h" />
  </ItemGroup>
  <ItemGroup>
    <ResourceCompile Include="Shooting Game.rc" />
  </ItemGroup>
  <ItemGroup>
    <Image Include="Shooting Game.ico" />
    <Image Include="small.ico" />
  </ItemGroup>
</Project>